{
  "name": "libreoffice-converter-example",
  "version": "1.0.0",
  "lockfileVersion": 3,
  "requires": true,
  "packages": {
    "": {
      "name": "libreoffice-converter-example",
      "version": "1.0.0",
      "dependencies": {
        "@matbee/libreoffice-converter": "^1.1.0"
      }
    },
    "node_modules/@matbee/libreoffice-converter": {
      "version": "1.3.0",
      "resolved": "https://registry.npmjs.org/@matbee/libreoffice-converter/-/libreoffice-converter-1.3.0.tgz",
      "integrity": "sha512-Nvusb3sK2sX2uLf+eTTh6Kq695uMJ6LnwzXKaOGIAC9h6tpk57A0tpqujrBRMIKvsZw1n3/HfgTh6rJVbBko2g==",
      "license": "MPL-2.0",
      "engines": {
        "node": ">=18.0.0"
      }
    }
  }
}
