{
  "name": "libreoffice-converter-example",
  "version": "1.0.0",
  "lockfileVersion": 3,
  "requires": true,
  "packages": {
    "": {
      "name": "libreoffice-converter-example",
      "version": "1.0.0",
      "dependencies": {
        "@matbee/libreoffice-converter": "^1.3.1"
      }
    },
    "node_modules/@matbee/libreoffice-converter": {
      "version": "1.3.1",
      "resolved": "https://registry.npmjs.org/@matbee/libreoffice-converter/-/libreoffice-converter-1.3.1.tgz",
      "integrity": "sha512-NvmWaegxs7j01pRK/MBBUufZoEtIDThnqUOFyrvzrKhrMh3IA+RzwxO5GZDPbquoa06ODHWm76Ln2EI0TcTIUw==",
      "license": "MPL-2.0",
      "engines": {
        "node": ">=18.0.0"
      }
    }
  }
}
